
Microsoft Visual Studio Solution File, Format Version 12.00
# Visual Studio Version 17
VisualStudioVersion = 17.2.32314.265
MinimumVisualStudioVersion = 10.0.40219.1
Project("{9A19103F-16F7-4668-BE54-9A1E7A4F7556}") = "CodeBreaker.Shared", "CodeBreaker.Shared.csproj", "{0C02A846-57FA-4624-BD40-EFEBCD08BCF4}"
EndProject
Global
	GlobalSection(SolutionConfigurationPlatforms) = preSolution
		Debug|Any CPU = Debug|Any CPU
		Release|Any CPU = Release|Any CPU
	EndGlobalSection
	GlobalSection(ProjectConfigurationPlatforms) = postSolution
		{0C02A846-57FA-4624-BD40-EFEBCD08BCF4}.Debug|Any CPU.ActiveCfg = Debug|Any CPU
		{0C02A846-57FA-4624-BD40-EFEBCD08BCF4}.Debug|Any CPU.Build.0 = Debug|Any CPU
		{0C02A846-57FA-4624-BD40-EFEBCD08BCF4}.Release|Any CPU.ActiveCfg = Release|Any CPU
		{0C02A846-57FA-4624-BD40-EFEBCD08BCF4}.Release|Any CPU.Build.0 = Release|Any CPU
	EndGlobalSection
	GlobalSection(SolutionProperties) = preSolution
		HideSolutionNode = FALSE
	EndGlobalSection
	GlobalSection(ExtensibilityGlobals) = postSolution
		SolutionGuid = {73E8208E-C981-4EF0-88DB-FE4CFBB8E33B}
	EndGlobalSection
EndGlobal
