
Microsoft Visual Studio Solution File, Format Version 12.00
# Visual Studio Version 17
VisualStudioVersion = 17.6.33626.354
MinimumVisualStudioVersion = 10.0.40219.1
Project("{9A19103F-16F7-4668-BE54-9A1E7A4F7556}") = "Codebreaker.GameAPIs.Models", "Codebreaker.GameAPIs.Models.csproj", "{FE0BEBDE-F87E-4503-901E-1A8F298E8738}"
EndProject
Project("{9A19103F-16F7-4668-BE54-9A1E7A4F7556}") = "Codebreaker.GameAPIs.Data.Cosmos", "..\Codebreaker.GameAPIs.Data.Cosmos\Codebreaker.GameAPIs.Data.Cosmos.csproj", "{B2596975-6E12-4A21-9077-3959009D4621}"
EndProject
Project("{9A19103F-16F7-4668-BE54-9A1E7A4F7556}") = "Codebreaker.GameAPIs.Data.SqlServer", "..\Codebreaker.GameAPIs.Data.SqlServer\Codebreaker.GameAPIs.Data.SqlServer.csproj", "{D2BD845E-B72D-4E7E-965A-9DB99118E228}"
EndProject
Project("{9A19103F-16F7-4668-BE54-9A1E7A4F7556}") = "Codebreaker.GameAPIs.Data.Cosmos.Tests", "..\Codebreaker.GameAPIs.Data.Cosmos.Tests\Codebreaker.GameAPIs.Data.Cosmos.Tests.csproj", "{3FF37B4C-4C4E-4B55-B3DA-6EDC5BDC31AA}"
EndProject
Project("{9A19103F-16F7-4668-BE54-9A1E7A4F7556}") = "Codebreaker.GameAPIs", "..\Codebreaker.GameAPIs\Codebreaker.GameAPIs.csproj", "{F1D3DFAD-E549-4886-9894-F14D7078A781}"
EndProject
Project("{9A19103F-16F7-4668-BE54-9A1E7A4F7556}") = "Codebreaker.GameAPIs.Models.Tests", "..\Codebreaker.GameAPIs.Models.Tests\Codebreaker.GameAPIs.Models.Tests.csproj", "{7262C1A1-437A-4DBE-92F3-F89D400512CC}"
EndProject
Project("{9A19103F-16F7-4668-BE54-9A1E7A4F7556}") = "Codebreaker.GameAPIs.Algorithms", "..\Codebreaker.GameAPIs.Algorithms\Codebreaker.GameAPIs.Algorithms.csproj", "{60FB28A1-B722-4FC1-8687-F0ED1FBE95F7}"
EndProject
Project("{FAE04EC0-301F-11D3-BF4B-00C04F79EFBC}") = "Codebreaker.GameAPIs.Algorithms.Tests", "..\Codebreaker.GameAPIs.Algorithms.Tests\Codebreaker.GameAPIs.Algorithms.Tests.csproj", "{62DA1B9F-DA36-4ED3-B400-A671142A8633}"
EndProject
Global
	GlobalSection(SolutionConfigurationPlatforms) = preSolution
		Debug|Any CPU = Debug|Any CPU
		Release|Any CPU = Release|Any CPU
	EndGlobalSection
	GlobalSection(ProjectConfigurationPlatforms) = postSolution
		{FE0BEBDE-F87E-4503-901E-1A8F298E8738}.Debug|Any CPU.ActiveCfg = Debug|Any CPU
		{FE0BEBDE-F87E-4503-901E-1A8F298E8738}.Debug|Any CPU.Build.0 = Debug|Any CPU
		{FE0BEBDE-F87E-4503-901E-1A8F298E8738}.Release|Any CPU.ActiveCfg = Release|Any CPU
		{FE0BEBDE-F87E-4503-901E-1A8F298E8738}.Release|Any CPU.Build.0 = Release|Any CPU
		{B2596975-6E12-4A21-9077-3959009D4621}.Debug|Any CPU.ActiveCfg = Debug|Any CPU
		{B2596975-6E12-4A21-9077-3959009D4621}.Debug|Any CPU.Build.0 = Debug|Any CPU
		{B2596975-6E12-4A21-9077-3959009D4621}.Release|Any CPU.ActiveCfg = Release|Any CPU
		{B2596975-6E12-4A21-9077-3959009D4621}.Release|Any CPU.Build.0 = Release|Any CPU
		{D2BD845E-B72D-4E7E-965A-9DB99118E228}.Debug|Any CPU.ActiveCfg = Debug|Any CPU
		{D2BD845E-B72D-4E7E-965A-9DB99118E228}.Debug|Any CPU.Build.0 = Debug|Any CPU
		{D2BD845E-B72D-4E7E-965A-9DB99118E228}.Release|Any CPU.ActiveCfg = Release|Any CPU
		{D2BD845E-B72D-4E7E-965A-9DB99118E228}.Release|Any CPU.Build.0 = Release|Any CPU
		{3FF37B4C-4C4E-4B55-B3DA-6EDC5BDC31AA}.Debug|Any CPU.ActiveCfg = Debug|Any CPU
		{3FF37B4C-4C4E-4B55-B3DA-6EDC5BDC31AA}.Debug|Any CPU.Build.0 = Debug|Any CPU
		{3FF37B4C-4C4E-4B55-B3DA-6EDC5BDC31AA}.Release|Any CPU.ActiveCfg = Release|Any CPU
		{3FF37B4C-4C4E-4B55-B3DA-6EDC5BDC31AA}.Release|Any CPU.Build.0 = Release|Any CPU
		{F1D3DFAD-E549-4886-9894-F14D7078A781}.Debug|Any CPU.ActiveCfg = Debug|Any CPU
		{F1D3DFAD-E549-4886-9894-F14D7078A781}.Debug|Any CPU.Build.0 = Debug|Any CPU
		{F1D3DFAD-E549-4886-9894-F14D7078A781}.Release|Any CPU.ActiveCfg = Release|Any CPU
		{F1D3DFAD-E549-4886-9894-F14D7078A781}.Release|Any CPU.Build.0 = Release|Any CPU
		{7262C1A1-437A-4DBE-92F3-F89D400512CC}.Debug|Any CPU.ActiveCfg = Debug|Any CPU
		{7262C1A1-437A-4DBE-92F3-F89D400512CC}.Debug|Any CPU.Build.0 = Debug|Any CPU
		{7262C1A1-437A-4DBE-92F3-F89D400512CC}.Release|Any CPU.ActiveCfg = Release|Any CPU
		{7262C1A1-437A-4DBE-92F3-F89D400512CC}.Release|Any CPU.Build.0 = Release|Any CPU
		{60FB28A1-B722-4FC1-8687-F0ED1FBE95F7}.Debug|Any CPU.ActiveCfg = Debug|Any CPU
		{60FB28A1-B722-4FC1-8687-F0ED1FBE95F7}.Debug|Any CPU.Build.0 = Debug|Any CPU
		{60FB28A1-B722-4FC1-8687-F0ED1FBE95F7}.Release|Any CPU.ActiveCfg = Release|Any CPU
		{60FB28A1-B722-4FC1-8687-F0ED1FBE95F7}.Release|Any CPU.Build.0 = Release|Any CPU
		{62DA1B9F-DA36-4ED3-B400-A671142A8633}.Debug|Any CPU.ActiveCfg = Debug|Any CPU
		{62DA1B9F-DA36-4ED3-B400-A671142A8633}.Debug|Any CPU.Build.0 = Debug|Any CPU
		{62DA1B9F-DA36-4ED3-B400-A671142A8633}.Release|Any CPU.ActiveCfg = Release|Any CPU
		{62DA1B9F-DA36-4ED3-B400-A671142A8633}.Release|Any CPU.Build.0 = Release|Any CPU
	EndGlobalSection
	GlobalSection(SolutionProperties) = preSolution
		HideSolutionNode = FALSE
	EndGlobalSection
	GlobalSection(ExtensibilityGlobals) = postSolution
		SolutionGuid = {03047C53-BF02-4DF0-8B91-26C5E8FB6C9C}
	EndGlobalSection
EndGlobal
