
Microsoft Visual Studio Solution File, Format Version 12.00
# Visual Studio Version 17
VisualStudioVersion = 17.7.33913.275
MinimumVisualStudioVersion = 10.0.40219.1
Project("{FAE04EC0-301F-11D3-BF4B-00C04F79EFBC}") = "Codebreaker.GameAPIs.Client", "clients\Codebreaker.GameAPIs.Client\Codebreaker.GameAPIs.Client.csproj", "{11AEC509-CB22-441A-B6A0-19732DA0F0F8}"
EndProject
Project("{FAE04EC0-301F-11D3-BF4B-00C04F79EFBC}") = "Codebreaker.GameAPIs.Client.Tests", "clients\Codebreaker.GameAPIs.Client.Tests\Codebreaker.GameAPIs.Client.Tests.csproj", "{EF2D1638-A6FA-4FF1-88BD-CFAADDE80E37}"
EndProject
Global
	GlobalSection(SolutionConfigurationPlatforms) = preSolution
		Debug|Any CPU = Debug|Any CPU
		Release|Any CPU = Release|Any CPU
	EndGlobalSection
	GlobalSection(ProjectConfigurationPlatforms) = postSolution
		{11AEC509-CB22-441A-B6A0-19732DA0F0F8}.Debug|Any CPU.ActiveCfg = Debug|Any CPU
		{11AEC509-CB22-441A-B6A0-19732DA0F0F8}.Debug|Any CPU.Build.0 = Debug|Any CPU
		{11AEC509-CB22-441A-B6A0-19732DA0F0F8}.Release|Any CPU.ActiveCfg = Release|Any CPU
		{11AEC509-CB22-441A-B6A0-19732DA0F0F8}.Release|Any CPU.Build.0 = Release|Any CPU
		{EF2D1638-A6FA-4FF1-88BD-CFAADDE80E37}.Debug|Any CPU.ActiveCfg = Debug|Any CPU
		{EF2D1638-A6FA-4FF1-88BD-CFAADDE80E37}.Debug|Any CPU.Build.0 = Debug|Any CPU
		{EF2D1638-A6FA-4FF1-88BD-CFAADDE80E37}.Release|Any CPU.ActiveCfg = Release|Any CPU
		{EF2D1638-A6FA-4FF1-88BD-CFAADDE80E37}.Release|Any CPU.Build.0 = Release|Any CPU
	EndGlobalSection
	GlobalSection(SolutionProperties) = preSolution
		HideSolutionNode = FALSE
	EndGlobalSection
	GlobalSection(ExtensibilityGlobals) = postSolution
		SolutionGuid = {81F354FE-BC60-4FE4-93D7-7F93B1982EA3}
	EndGlobalSection
EndGlobal
