Microsoft Visual Studio Solution File, Format Version 12.00
# Visual Studio Version 17
VisualStudioVersion = 17.0.31903.59
MinimumVisualStudioVersion = 10.0.40219.1
Project("{2150E333-8FDC-42A3-9474-1A3956D46DE8}") = "bot", "bot", "{5A7B6075-4218-40BB-875E-29D18729DC35}"
EndProject
Project("{9A19103F-16F7-4668-BE54-9A1E7A4F7556}") = "CodeBreaker.Bot", "services\bot\CodeBreaker.Bot\CodeBreaker.Bot.csproj", "{74965DAF-9E67-4AE5-99DF-2F362F911FD5}"
EndProject
Project("{9A19103F-16F7-4668-BE54-9A1E7A4F7556}") = "Codebreaker.BotQ", "services\bot\Codebreaker.BotQ\Codebreaker.BotQ.csproj", "{2F2F408E-EAC0-42C5-B60F-80604A20DAD4}"
EndProject
Project("{9A19103F-16F7-4668-BE54-9A1E7A4F7556}") = "CodeBreaker.Bot.Tests", "services\bot\CodeBreaker.Bot.Tests\CodeBreaker.Bot.Tests.csproj", "{25211670-5B66-4C47-B93D-BCFF53E5E2E3}"
EndProject
Project("{2150E333-8FDC-42A3-9474-1A3956D46DE8}") = "common", "common", "{C55C096F-293E-4D91-A98C-767A8FA23344}"
EndProject
Project("{9A19103F-16F7-4668-BE54-9A1E7A4F7556}") = "Codebreaker.ServiceDefaults", "services\common\Codebreaker.ServiceDefaults\Codebreaker.ServiceDefaults.csproj", "{6A8407E8-04D5-47B7-B0ED-21FB7EBF34AE}"
EndProject
Project("{2150E333-8FDC-42A3-9474-1A3956D46DE8}") = "gameapis", "gameapis", "{942BFF57-8098-4844-937B-A20F2CE4FCF6}"
EndProject
Project("{9A19103F-16F7-4668-BE54-9A1E7A4F7556}") = "Codebreaker.CosmosCreate", "services\gameapis\Codebreaker.CosmosCreate\Codebreaker.CosmosCreate.csproj", "{7182E0CD-DBB5-493E-AA37-A873FBA718D2}"
EndProject
Project("{9A19103F-16F7-4668-BE54-9A1E7A4F7556}") = "Codebreaker.GameAPIs", "services\gameapis\Codebreaker.GameAPIs\Codebreaker.GameAPIs.csproj", "{4B073EF9-CC2C-4CD9-A5BC-242E7EC48D08}"
EndProject
Project("{9A19103F-16F7-4668-BE54-9A1E7A4F7556}") = "Codebreaker.GameAPIs.Playwright", "services\gameapis\Codebreaker.GameAPIs.Playwright\Codebreaker.GameAPIs.Playwright.csproj", "{BC9C288B-83B0-445A-A0C2-47DE8D940AD7}"
EndProject
Project("{9A19103F-16F7-4668-BE54-9A1E7A4F7556}") = "Codebreaker.GameAPIs.Tests", "services\gameapis\Codebreaker.GameAPIs.Tests\Codebreaker.GameAPIs.Tests.csproj", "{98F0C466-8826-4047-A075-E6CAB62CB7BB}"
EndProject
Project("{9A19103F-16F7-4668-BE54-9A1E7A4F7556}") = "Codebreaker.SqlServerMigration", "services\gameapis\Codebreaker.SqlServerMigration\Codebreaker.SqlServerMigration.csproj", "{C4F8981F-70B2-4F05-BDC0-2CA2BBA29D0C}"
EndProject
Project("{9A19103F-16F7-4668-BE54-9A1E7A4F7556}") = "Codebreaker.IntegrationTests", "services\gameapis\Codebreaker.IntegrationTests\Codebreaker.IntegrationTests.csproj", "{C717A507-FF72-4640-B3C7-788B76C30617}"
EndProject
Project("{2150E333-8FDC-42A3-9474-1A3956D46DE8}") = "host", "host", "{9734B8BF-5F26-44C5-AA0B-5B855BC0CD1F}"
EndProject
Project("{9A19103F-16F7-4668-BE54-9A1E7A4F7556}") = "Codebreaker.AppHost", "services\host\Codebreaker.AppHost\Codebreaker.AppHost.csproj", "{A823F247-CF62-471B-8AE3-595A34C9D0FA}"
EndProject
Project("{2150E333-8FDC-42A3-9474-1A3956D46DE8}") = "live", "live", "{D55851A4-4898-4DFC-B0C5-116BEF9606CF}"
EndProject
Project("{9A19103F-16F7-4668-BE54-9A1E7A4F7556}") = "Codebreaker.Live", "services\live\Codebreaker.Live\Codebreaker.Live.csproj", "{4BF041B8-2A30-4070-8920-46C7EE11D4BE}"
EndProject
Project("{2150E333-8FDC-42A3-9474-1A3956D46DE8}") = "ranking", "ranking", "{DC4BE126-C13F-4E42-B1C1-D420D8505B56}"
EndProject
Project("{9A19103F-16F7-4668-BE54-9A1E7A4F7556}") = "Codebreaker.Ranking", "services\ranking\Codebreaker.Ranking\Codebreaker.Ranking.csproj", "{749B4417-2411-4314-A72B-3D0069E73435}"
EndProject
Project("{9A19103F-16F7-4668-BE54-9A1E7A4F7556}") = "Codebreaker.ApiGateway", "services\gateway\Codebreaker.ApiGateway\Codebreaker.ApiGateway.csproj", "{0F545FA8-BFBA-4BBE-94DF-4AE4CB99509A}"
EndProject
Project("{2150E333-8FDC-42A3-9474-1A3956D46DE8}") = "gateway", "gateway", "{2AFD0767-0648-4B93-9A5F-883C07F47FB7}"
EndProject
Project("{9A19103F-16F7-4668-BE54-9A1E7A4F7556}") = "Codebreaker.ApiGateway.Identities", "services\gateway\Codebreaker.ApiGateway.Identities\Codebreaker.ApiGateway.Identities\Codebreaker.ApiGateway.Identities.csproj", "{0D086D48-9441-4769-A2C1-E4096A8D0B1F}"
EndProject
Project("{2150E333-8FDC-42A3-9474-1A3956D46DE8}") = "users", "users", "{42B0386F-1367-4160-BD1C-9DB6C49A2F41}"
EndProject
Project("{9A19103F-16F7-4668-BE54-9A1E7A4F7556}") = "CodeBreaker.UserService", "services\user\CodeBreaker.UserService\CodeBreaker.UserService.csproj", "{48A2B300-2662-4BC8-8570-22D6D183536E}"
EndProject
Project("{2150E333-8FDC-42A3-9474-1A3956D46DE8}") = "clients", "clients", "{D88DEDE8-217E-43CE-AB08-BF381441E6C8}"
EndProject
Project("{9A19103F-16F7-4668-BE54-9A1E7A4F7556}") = "CodeBreaker.Blazor", "services\Codebreaker.Blazor\src\CodeBreaker.Blazor\CodeBreaker.Blazor.csproj", "{7CC49E47-99DB-4093-9DBE-51F119E21DC5}"
EndProject
Project("{9A19103F-16F7-4668-BE54-9A1E7A4F7556}") = "CodeBreaker.Blazor.Client", "services\Codebreaker.Blazor\src\CodeBreaker.Blazor.Client\CodeBreaker.Blazor.Client.csproj", "{6D302E91-0C76-4C56-BE5D-AF16A7D353C6}"
EndProject
Project("{9A19103F-16F7-4668-BE54-9A1E7A4F7556}") = "CodeBreaker.Blazor.UI", "services\Codebreaker.Blazor\src\CodeBreaker.Blazor.UI\CodeBreaker.Blazor.UI.csproj", "{852E383D-210D-4828-8516-66AA75E00A5B}"
EndProject
Project("{FAE04EC0-301F-11D3-BF4B-00C04F79EFBC}") = "Codebreaker.ApiGateway.Identities.Client", "services\gateway\Codebreaker.ApiGateway.Identities\Codebreaker.ApiGateway.Identities.Client\Codebreaker.ApiGateway.Identities.Client.csproj", "{FD5F2A5A-C746-699A-8799-6DD6C4C2A8FA}"
EndProject
Global
	GlobalSection(SolutionConfigurationPlatforms) = preSolution
		Debug|Any CPU = Debug|Any CPU
		Release|Any CPU = Release|Any CPU
	EndGlobalSection
	GlobalSection(ProjectConfigurationPlatforms) = postSolution
		{74965DAF-9E67-4AE5-99DF-2F362F911FD5}.Debug|Any CPU.ActiveCfg = Debug|Any CPU
		{74965DAF-9E67-4AE5-99DF-2F362F911FD5}.Debug|Any CPU.Build.0 = Debug|Any CPU
		{74965DAF-9E67-4AE5-99DF-2F362F911FD5}.Release|Any CPU.ActiveCfg = Release|Any CPU
		{74965DAF-9E67-4AE5-99DF-2F362F911FD5}.Release|Any CPU.Build.0 = Release|Any CPU
		{2F2F408E-EAC0-42C5-B60F-80604A20DAD4}.Debug|Any CPU.ActiveCfg = Debug|Any CPU
		{2F2F408E-EAC0-42C5-B60F-80604A20DAD4}.Debug|Any CPU.Build.0 = Debug|Any CPU
		{2F2F408E-EAC0-42C5-B60F-80604A20DAD4}.Release|Any CPU.ActiveCfg = Release|Any CPU
		{2F2F408E-EAC0-42C5-B60F-80604A20DAD4}.Release|Any CPU.Build.0 = Release|Any CPU
		{25211670-5B66-4C47-B93D-BCFF53E5E2E3}.Debug|Any CPU.ActiveCfg = Debug|Any CPU
		{25211670-5B66-4C47-B93D-BCFF53E5E2E3}.Debug|Any CPU.Build.0 = Debug|Any CPU
		{25211670-5B66-4C47-B93D-BCFF53E5E2E3}.Release|Any CPU.ActiveCfg = Release|Any CPU
		{25211670-5B66-4C47-B93D-BCFF53E5E2E3}.Release|Any CPU.Build.0 = Release|Any CPU
		{6A8407E8-04D5-47B7-B0ED-21FB7EBF34AE}.Debug|Any CPU.ActiveCfg = Debug|Any CPU
		{6A8407E8-04D5-47B7-B0ED-21FB7EBF34AE}.Debug|Any CPU.Build.0 = Debug|Any CPU
		{6A8407E8-04D5-47B7-B0ED-21FB7EBF34AE}.Release|Any CPU.ActiveCfg = Release|Any CPU
		{6A8407E8-04D5-47B7-B0ED-21FB7EBF34AE}.Release|Any CPU.Build.0 = Release|Any CPU
		{7182E0CD-DBB5-493E-AA37-A873FBA718D2}.Debug|Any CPU.ActiveCfg = Debug|Any CPU
		{7182E0CD-DBB5-493E-AA37-A873FBA718D2}.Debug|Any CPU.Build.0 = Debug|Any CPU
		{7182E0CD-DBB5-493E-AA37-A873FBA718D2}.Release|Any CPU.ActiveCfg = Release|Any CPU
		{7182E0CD-DBB5-493E-AA37-A873FBA718D2}.Release|Any CPU.Build.0 = Release|Any CPU
		{4B073EF9-CC2C-4CD9-A5BC-242E7EC48D08}.Debug|Any CPU.ActiveCfg = Debug|Any CPU
		{4B073EF9-CC2C-4CD9-A5BC-242E7EC48D08}.Debug|Any CPU.Build.0 = Debug|Any CPU
		{4B073EF9-CC2C-4CD9-A5BC-242E7EC48D08}.Release|Any CPU.ActiveCfg = Release|Any CPU
		{4B073EF9-CC2C-4CD9-A5BC-242E7EC48D08}.Release|Any CPU.Build.0 = Release|Any CPU
		{BC9C288B-83B0-445A-A0C2-47DE8D940AD7}.Debug|Any CPU.ActiveCfg = Debug|Any CPU
		{BC9C288B-83B0-445A-A0C2-47DE8D940AD7}.Debug|Any CPU.Build.0 = Debug|Any CPU
		{BC9C288B-83B0-445A-A0C2-47DE8D940AD7}.Release|Any CPU.ActiveCfg = Release|Any CPU
		{BC9C288B-83B0-445A-A0C2-47DE8D940AD7}.Release|Any CPU.Build.0 = Release|Any CPU
		{98F0C466-8826-4047-A075-E6CAB62CB7BB}.Debug|Any CPU.ActiveCfg = Debug|Any CPU
		{98F0C466-8826-4047-A075-E6CAB62CB7BB}.Debug|Any CPU.Build.0 = Debug|Any CPU
		{98F0C466-8826-4047-A075-E6CAB62CB7BB}.Release|Any CPU.ActiveCfg = Release|Any CPU
		{98F0C466-8826-4047-A075-E6CAB62CB7BB}.Release|Any CPU.Build.0 = Release|Any CPU
		{C4F8981F-70B2-4F05-BDC0-2CA2BBA29D0C}.Debug|Any CPU.ActiveCfg = Debug|Any CPU
		{C4F8981F-70B2-4F05-BDC0-2CA2BBA29D0C}.Debug|Any CPU.Build.0 = Debug|Any CPU
		{C4F8981F-70B2-4F05-BDC0-2CA2BBA29D0C}.Release|Any CPU.ActiveCfg = Release|Any CPU
		{C4F8981F-70B2-4F05-BDC0-2CA2BBA29D0C}.Release|Any CPU.Build.0 = Release|Any CPU
		{C717A507-FF72-4640-B3C7-788B76C30617}.Debug|Any CPU.ActiveCfg = Debug|Any CPU
		{C717A507-FF72-4640-B3C7-788B76C30617}.Debug|Any CPU.Build.0 = Debug|Any CPU
		{C717A507-FF72-4640-B3C7-788B76C30617}.Release|Any CPU.ActiveCfg = Release|Any CPU
		{C717A507-FF72-4640-B3C7-788B76C30617}.Release|Any CPU.Build.0 = Release|Any CPU
		{A823F247-CF62-471B-8AE3-595A34C9D0FA}.Debug|Any CPU.ActiveCfg = Debug|Any CPU
		{A823F247-CF62-471B-8AE3-595A34C9D0FA}.Debug|Any CPU.Build.0 = Debug|Any CPU
		{A823F247-CF62-471B-8AE3-595A34C9D0FA}.Release|Any CPU.ActiveCfg = Release|Any CPU
		{A823F247-CF62-471B-8AE3-595A34C9D0FA}.Release|Any CPU.Build.0 = Release|Any CPU
		{4BF041B8-2A30-4070-8920-46C7EE11D4BE}.Debug|Any CPU.ActiveCfg = Debug|Any CPU
		{4BF041B8-2A30-4070-8920-46C7EE11D4BE}.Debug|Any CPU.Build.0 = Debug|Any CPU
		{4BF041B8-2A30-4070-8920-46C7EE11D4BE}.Release|Any CPU.ActiveCfg = Release|Any CPU
		{4BF041B8-2A30-4070-8920-46C7EE11D4BE}.Release|Any CPU.Build.0 = Release|Any CPU
		{749B4417-2411-4314-A72B-3D0069E73435}.Debug|Any CPU.ActiveCfg = Debug|Any CPU
		{749B4417-2411-4314-A72B-3D0069E73435}.Debug|Any CPU.Build.0 = Debug|Any CPU
		{749B4417-2411-4314-A72B-3D0069E73435}.Release|Any CPU.ActiveCfg = Release|Any CPU
		{749B4417-2411-4314-A72B-3D0069E73435}.Release|Any CPU.Build.0 = Release|Any CPU
		{0F545FA8-BFBA-4BBE-94DF-4AE4CB99509A}.Debug|Any CPU.ActiveCfg = Debug|Any CPU
		{0F545FA8-BFBA-4BBE-94DF-4AE4CB99509A}.Debug|Any CPU.Build.0 = Debug|Any CPU
		{0F545FA8-BFBA-4BBE-94DF-4AE4CB99509A}.Release|Any CPU.ActiveCfg = Release|Any CPU
		{0F545FA8-BFBA-4BBE-94DF-4AE4CB99509A}.Release|Any CPU.Build.0 = Release|Any CPU
		{0D086D48-9441-4769-A2C1-E4096A8D0B1F}.Debug|Any CPU.ActiveCfg = Debug|Any CPU
		{0D086D48-9441-4769-A2C1-E4096A8D0B1F}.Debug|Any CPU.Build.0 = Debug|Any CPU
		{0D086D48-9441-4769-A2C1-E4096A8D0B1F}.Release|Any CPU.ActiveCfg = Release|Any CPU
		{0D086D48-9441-4769-A2C1-E4096A8D0B1F}.Release|Any CPU.Build.0 = Release|Any CPU
		{48A2B300-2662-4BC8-8570-22D6D183536E}.Debug|Any CPU.ActiveCfg = Debug|Any CPU
		{48A2B300-2662-4BC8-8570-22D6D183536E}.Debug|Any CPU.Build.0 = Debug|Any CPU
		{48A2B300-2662-4BC8-8570-22D6D183536E}.Release|Any CPU.ActiveCfg = Release|Any CPU
		{48A2B300-2662-4BC8-8570-22D6D183536E}.Release|Any CPU.Build.0 = Release|Any CPU
		{7CC49E47-99DB-4093-9DBE-51F119E21DC5}.Debug|Any CPU.ActiveCfg = Debug|Any CPU
		{7CC49E47-99DB-4093-9DBE-51F119E21DC5}.Debug|Any CPU.Build.0 = Debug|Any CPU
		{7CC49E47-99DB-4093-9DBE-51F119E21DC5}.Release|Any CPU.ActiveCfg = Release|Any CPU
		{7CC49E47-99DB-4093-9DBE-51F119E21DC5}.Release|Any CPU.Build.0 = Release|Any CPU
		{6D302E91-0C76-4C56-BE5D-AF16A7D353C6}.Debug|Any CPU.ActiveCfg = Debug|Any CPU
		{6D302E91-0C76-4C56-BE5D-AF16A7D353C6}.Debug|Any CPU.Build.0 = Debug|Any CPU
		{6D302E91-0C76-4C56-BE5D-AF16A7D353C6}.Release|Any CPU.ActiveCfg = Release|Any CPU
		{6D302E91-0C76-4C56-BE5D-AF16A7D353C6}.Release|Any CPU.Build.0 = Release|Any CPU
		{852E383D-210D-4828-8516-66AA75E00A5B}.Debug|Any CPU.ActiveCfg = Debug|Any CPU
		{852E383D-210D-4828-8516-66AA75E00A5B}.Debug|Any CPU.Build.0 = Debug|Any CPU
		{852E383D-210D-4828-8516-66AA75E00A5B}.Release|Any CPU.ActiveCfg = Release|Any CPU
		{852E383D-210D-4828-8516-66AA75E00A5B}.Release|Any CPU.Build.0 = Release|Any CPU
		{FD5F2A5A-C746-699A-8799-6DD6C4C2A8FA}.Debug|Any CPU.ActiveCfg = Debug|Any CPU
		{FD5F2A5A-C746-699A-8799-6DD6C4C2A8FA}.Debug|Any CPU.Build.0 = Debug|Any CPU
		{FD5F2A5A-C746-699A-8799-6DD6C4C2A8FA}.Release|Any CPU.ActiveCfg = Release|Any CPU
		{FD5F2A5A-C746-699A-8799-6DD6C4C2A8FA}.Release|Any CPU.Build.0 = Release|Any CPU
	EndGlobalSection
	GlobalSection(SolutionProperties) = preSolution
		HideSolutionNode = FALSE
	EndGlobalSection
	GlobalSection(NestedProjects) = preSolution
		{74965DAF-9E67-4AE5-99DF-2F362F911FD5} = {5A7B6075-4218-40BB-875E-29D18729DC35}
		{2F2F408E-EAC0-42C5-B60F-80604A20DAD4} = {5A7B6075-4218-40BB-875E-29D18729DC35}
		{25211670-5B66-4C47-B93D-BCFF53E5E2E3} = {5A7B6075-4218-40BB-875E-29D18729DC35}
		{6A8407E8-04D5-47B7-B0ED-21FB7EBF34AE} = {C55C096F-293E-4D91-A98C-767A8FA23344}
		{7182E0CD-DBB5-493E-AA37-A873FBA718D2} = {942BFF57-8098-4844-937B-A20F2CE4FCF6}
		{4B073EF9-CC2C-4CD9-A5BC-242E7EC48D08} = {942BFF57-8098-4844-937B-A20F2CE4FCF6}
		{BC9C288B-83B0-445A-A0C2-47DE8D940AD7} = {942BFF57-8098-4844-937B-A20F2CE4FCF6}
		{98F0C466-8826-4047-A075-E6CAB62CB7BB} = {942BFF57-8098-4844-937B-A20F2CE4FCF6}
		{C4F8981F-70B2-4F05-BDC0-2CA2BBA29D0C} = {942BFF57-8098-4844-937B-A20F2CE4FCF6}
		{C717A507-FF72-4640-B3C7-788B76C30617} = {942BFF57-8098-4844-937B-A20F2CE4FCF6}
		{A823F247-CF62-471B-8AE3-595A34C9D0FA} = {9734B8BF-5F26-44C5-AA0B-5B855BC0CD1F}
		{4BF041B8-2A30-4070-8920-46C7EE11D4BE} = {D55851A4-4898-4DFC-B0C5-116BEF9606CF}
		{749B4417-2411-4314-A72B-3D0069E73435} = {DC4BE126-C13F-4E42-B1C1-D420D8505B56}
		{0F545FA8-BFBA-4BBE-94DF-4AE4CB99509A} = {2AFD0767-0648-4B93-9A5F-883C07F47FB7}
		{0D086D48-9441-4769-A2C1-E4096A8D0B1F} = {2AFD0767-0648-4B93-9A5F-883C07F47FB7}
		{48A2B300-2662-4BC8-8570-22D6D183536E} = {42B0386F-1367-4160-BD1C-9DB6C49A2F41}
		{7CC49E47-99DB-4093-9DBE-51F119E21DC5} = {D88DEDE8-217E-43CE-AB08-BF381441E6C8}
		{6D302E91-0C76-4C56-BE5D-AF16A7D353C6} = {D88DEDE8-217E-43CE-AB08-BF381441E6C8}
		{852E383D-210D-4828-8516-66AA75E00A5B} = {D88DEDE8-217E-43CE-AB08-BF381441E6C8}
		{FD5F2A5A-C746-699A-8799-6DD6C4C2A8FA} = {2AFD0767-0648-4B93-9A5F-883C07F47FB7}
	EndGlobalSection
	GlobalSection(ExtensibilityGlobals) = postSolution
		SolutionGuid = {5DE33962-11C6-4B2F-A356-DDE0B4F5CC56}
	EndGlobalSection
EndGlobal
