
Microsoft Visual Studio Solution File, Format Version 12.00
# Visual Studio Version 17
VisualStudioVersion = 17.3.32611.2
MinimumVisualStudioVersion = 10.0.40219.1
Project("{9A19103F-16F7-4668-BE54-9A1E7A4F7556}") = "CodeBreaker.LiveService", "services\live\CodeBreaker.LiveService\CodeBreaker.LiveService.csproj", "{A7BCCEE2-9D5C-4C3E-AD51-F8774C908066}"
EndProject
Project("{9A19103F-16F7-4668-BE54-9A1E7A4F7556}") = "CodeBreaker.Shared", "shared\CodeBreaker.Shared\CodeBreaker.Shared.csproj", "{5B213830-3AA2-49EB-B89B-52645CD3F11F}"
EndProject
Global
	GlobalSection(SolutionConfigurationPlatforms) = preSolution
		Debug|Any CPU = Debug|Any CPU
		Release|Any CPU = Release|Any CPU
	EndGlobalSection
	GlobalSection(ProjectConfigurationPlatforms) = postSolution
		{A7BCCEE2-9D5C-4C3E-AD51-F8774C908066}.Debug|Any CPU.ActiveCfg = Debug|Any CPU
		{A7BCCEE2-9D5C-4C3E-AD51-F8774C908066}.Debug|Any CPU.Build.0 = Debug|Any CPU
		{A7BCCEE2-9D5C-4C3E-AD51-F8774C908066}.Release|Any CPU.ActiveCfg = Release|Any CPU
		{A7BCCEE2-9D5C-4C3E-AD51-F8774C908066}.Release|Any CPU.Build.0 = Release|Any CPU
		{5B213830-3AA2-49EB-B89B-52645CD3F11F}.Debug|Any CPU.ActiveCfg = Debug|Any CPU
		{5B213830-3AA2-49EB-B89B-52645CD3F11F}.Debug|Any CPU.Build.0 = Debug|Any CPU
		{5B213830-3AA2-49EB-B89B-52645CD3F11F}.Release|Any CPU.ActiveCfg = Release|Any CPU
		{5B213830-3AA2-49EB-B89B-52645CD3F11F}.Release|Any CPU.Build.0 = Release|Any CPU
	EndGlobalSection
	GlobalSection(SolutionProperties) = preSolution
		HideSolutionNode = FALSE
	EndGlobalSection
	GlobalSection(ExtensibilityGlobals) = postSolution
		SolutionGuid = {ADE6E668-48D9-4552-BFF0-913542B21861}
	EndGlobalSection
EndGlobal
