
Microsoft Visual Studio Solution File, Format Version 12.00
# Visual Studio Version 17
VisualStudioVersion = 17.0.31903.59
MinimumVisualStudioVersion = 10.0.40219.1
Project("{2150E333-8FDC-42A3-9474-1A3956D46DE8}") = "services", "services", "{B264B57A-9408-41B4-99B6-01AAB51759FD}"
EndProject
Project("{2150E333-8FDC-42A3-9474-1A3956D46DE8}") = "gameapi", "gameapi", "{58B767C0-9994-4A6F-9E2D-ED3684FDCA77}"
EndProject
Project("{FAE04EC0-301F-11D3-BF4B-00C04F79EFBC}") = "Codebreaker.Analyzers", "services\gameapi\Codebreaker.GameAPIs.Analyzers\Codebreaker.Analyzers.csproj", "{C14A80E4-C25B-40B3-A9E0-799E2700C222}"
EndProject
Project("{FAE04EC0-301F-11D3-BF4B-00C04F79EFBC}") = "Codebreaker.GameAPIs.Analyzers.Tests", "services\gameapi\Codebreaker.GameAPIs.Analyzers.Tests\Codebreaker.GameAPIs.Analyzers.Tests.csproj", "{850DCFEE-8D88-496F-8867-44A862E3C52F}"
EndProject
Global
	GlobalSection(SolutionConfigurationPlatforms) = preSolution
		Debug|Any CPU = Debug|Any CPU
		Release|Any CPU = Release|Any CPU
	EndGlobalSection
	GlobalSection(SolutionProperties) = preSolution
		HideSolutionNode = FALSE
	EndGlobalSection
	GlobalSection(ProjectConfigurationPlatforms) = postSolution
		{C14A80E4-C25B-40B3-A9E0-799E2700C222}.Debug|Any CPU.ActiveCfg = Debug|Any CPU
		{C14A80E4-C25B-40B3-A9E0-799E2700C222}.Debug|Any CPU.Build.0 = Debug|Any CPU
		{C14A80E4-C25B-40B3-A9E0-799E2700C222}.Release|Any CPU.ActiveCfg = Release|Any CPU
		{C14A80E4-C25B-40B3-A9E0-799E2700C222}.Release|Any CPU.Build.0 = Release|Any CPU
		{850DCFEE-8D88-496F-8867-44A862E3C52F}.Debug|Any CPU.ActiveCfg = Debug|Any CPU
		{850DCFEE-8D88-496F-8867-44A862E3C52F}.Debug|Any CPU.Build.0 = Debug|Any CPU
		{850DCFEE-8D88-496F-8867-44A862E3C52F}.Release|Any CPU.ActiveCfg = Release|Any CPU
		{850DCFEE-8D88-496F-8867-44A862E3C52F}.Release|Any CPU.Build.0 = Release|Any CPU
	EndGlobalSection
	GlobalSection(NestedProjects) = preSolution
		{58B767C0-9994-4A6F-9E2D-ED3684FDCA77} = {B264B57A-9408-41B4-99B6-01AAB51759FD}
		{C14A80E4-C25B-40B3-A9E0-799E2700C222} = {58B767C0-9994-4A6F-9E2D-ED3684FDCA77}
		{850DCFEE-8D88-496F-8867-44A862E3C52F} = {58B767C0-9994-4A6F-9E2D-ED3684FDCA77}
	EndGlobalSection
EndGlobal
