
Microsoft Visual Studio Solution File, Format Version 12.00
# Visual Studio Version 17
VisualStudioVersion = 17.0.31903.59
MinimumVisualStudioVersion = 10.0.40219.1
Project("{9A19103F-16F7-4668-BE54-9A1E7A4F7556}") = "Codebreaker.GameAPIs.Models", "services\gameapi\Codebreaker.GameAPIs.Models\Codebreaker.GameAPIs.Models.csproj", "{CFC6E983-72EF-49AB-A0B1-9BFD7620517D}"
EndProject
Project("{FAE04EC0-301F-11D3-BF4B-00C04F79EFBC}") = "Codebreaker.GameAPIs.Models.Tests", "Codebreaker.GameAPIs.Models.Tests\Codebreaker.GameAPIs.Models.Tests.csproj", "{7CE99649-7DE1-4DA2-8E74-500595387669}"
EndProject
Global
	GlobalSection(SolutionConfigurationPlatforms) = preSolution
		Debug|Any CPU = Debug|Any CPU
		Release|Any CPU = Release|Any CPU
	EndGlobalSection
	GlobalSection(ProjectConfigurationPlatforms) = postSolution
		{CFC6E983-72EF-49AB-A0B1-9BFD7620517D}.Debug|Any CPU.ActiveCfg = Debug|Any CPU
		{CFC6E983-72EF-49AB-A0B1-9BFD7620517D}.Debug|Any CPU.Build.0 = Debug|Any CPU
		{CFC6E983-72EF-49AB-A0B1-9BFD7620517D}.Release|Any CPU.ActiveCfg = Release|Any CPU
		{CFC6E983-72EF-49AB-A0B1-9BFD7620517D}.Release|Any CPU.Build.0 = Release|Any CPU
		{7CE99649-7DE1-4DA2-8E74-500595387669}.Debug|Any CPU.ActiveCfg = Debug|Any CPU
		{7CE99649-7DE1-4DA2-8E74-500595387669}.Debug|Any CPU.Build.0 = Debug|Any CPU
		{7CE99649-7DE1-4DA2-8E74-500595387669}.Release|Any CPU.ActiveCfg = Release|Any CPU
		{7CE99649-7DE1-4DA2-8E74-500595387669}.Release|Any CPU.Build.0 = Release|Any CPU
	EndGlobalSection
	GlobalSection(SolutionProperties) = preSolution
		HideSolutionNode = FALSE
	EndGlobalSection
	GlobalSection(ExtensibilityGlobals) = postSolution
		SolutionGuid = {F57641F5-33AD-474C-9AEF-FD6992AC8EB9}
	EndGlobalSection
EndGlobal
