
Microsoft Visual Studio Solution File, Format Version 12.00
# Visual Studio Version 17
VisualStudioVersion = 17.5.33103.201
MinimumVisualStudioVersion = 10.0.40219.1
Project("{9A19103F-16F7-4668-BE54-9A1E7A4F7556}") = "CodeBreaker.UserService", "services\user\CodeBreaker.UserService\CodeBreaker.UserService.csproj", "{5CFE6FE4-6463-4BFC-8E82-AF9A0B7262DA}"
EndProject
Global
	GlobalSection(SolutionConfigurationPlatforms) = preSolution
		Debug|Any CPU = Debug|Any CPU
		Release|Any CPU = Release|Any CPU
	EndGlobalSection
	GlobalSection(ProjectConfigurationPlatforms) = postSolution
		{5CFE6FE4-6463-4BFC-8E82-AF9A0B7262DA}.Debug|Any CPU.ActiveCfg = Debug|Any CPU
		{5CFE6FE4-6463-4BFC-8E82-AF9A0B7262DA}.Debug|Any CPU.Build.0 = Debug|Any CPU
		{5CFE6FE4-6463-4BFC-8E82-AF9A0B7262DA}.Release|Any CPU.ActiveCfg = Release|Any CPU
		{5CFE6FE4-6463-4BFC-8E82-AF9A0B7262DA}.Release|Any CPU.Build.0 = Release|Any CPU
	EndGlobalSection
	GlobalSection(SolutionProperties) = preSolution
		HideSolutionNode = FALSE
	EndGlobalSection
	GlobalSection(ExtensibilityGlobals) = postSolution
		SolutionGuid = {CC457BB7-ACDA-4327-9124-82785E43C8C6}
	EndGlobalSection
EndGlobal
