
Microsoft Visual Studio Solution File, Format Version 12.00
# Visual Studio Version 17
VisualStudioVersion = 17.0.31903.59
MinimumVisualStudioVersion = 10.0.40219.1
Project("{9A19103F-16F7-4668-BE54-9A1E7A4F7556}") = "Codebreaker.Data.SqlServer", "services\common\Codebreaker.Data.SqlServer\Codebreaker.Data.SqlServer.csproj", "{0D82BBAF-0843-410A-A8BD-A909B75DF291}"
EndProject
Project("{9A19103F-16F7-4668-BE54-9A1E7A4F7556}") = "Codebreaker.Data.SqlServer.Tests", "services\common\Codebreaker.Data.SqlServer.Tests\Codebreaker.Data.SqlServer.Tests.csproj", "{59AAEB97-A86F-4C02-820C-AF773516343D}"
EndProject
Global
	GlobalSection(SolutionConfigurationPlatforms) = preSolution
		Debug|Any CPU = Debug|Any CPU
		Release|Any CPU = Release|Any CPU
	EndGlobalSection
	GlobalSection(ProjectConfigurationPlatforms) = postSolution
		{0D82BBAF-0843-410A-A8BD-A909B75DF291}.Debug|Any CPU.ActiveCfg = Debug|Any CPU
		{0D82BBAF-0843-410A-A8BD-A909B75DF291}.Debug|Any CPU.Build.0 = Debug|Any CPU
		{0D82BBAF-0843-410A-A8BD-A909B75DF291}.Release|Any CPU.ActiveCfg = Release|Any CPU
		{0D82BBAF-0843-410A-A8BD-A909B75DF291}.Release|Any CPU.Build.0 = Release|Any CPU
		{59AAEB97-A86F-4C02-820C-AF773516343D}.Debug|Any CPU.ActiveCfg = Debug|Any CPU
		{59AAEB97-A86F-4C02-820C-AF773516343D}.Debug|Any CPU.Build.0 = Debug|Any CPU
		{59AAEB97-A86F-4C02-820C-AF773516343D}.Release|Any CPU.ActiveCfg = Release|Any CPU
		{59AAEB97-A86F-4C02-820C-AF773516343D}.Release|Any CPU.Build.0 = Release|Any CPU
	EndGlobalSection
	GlobalSection(SolutionProperties) = preSolution
		HideSolutionNode = FALSE
	EndGlobalSection
EndGlobal
