
Microsoft Visual Studio Solution File, Format Version 12.00
# Visual Studio Version 17
VisualStudioVersion = 17.0.31903.59
MinimumVisualStudioVersion = 10.0.40219.1
Project("{9A19103F-16F7-4668-BE54-9A1E7A4F7556}") = "Codebreaker.Data.SqlServer", "services\gameapi\Codebreaker.Data.SqlServer\Codebreaker.Data.SqlServer.csproj", "{2809F1FD-DF92-446B-83DE-8350838ADC79}"
EndProject
Project("{9A19103F-16F7-4668-BE54-9A1E7A4F7556}") = "Codebreaker.Data.SqlServer.Tests", "services\gameapi\Codebreaker.Data.SqlServer.Tests\Codebreaker.Data.SqlServer.Tests.csproj", "{D7002503-F01A-4297-99FB-D3FEBC3DF44D}"
EndProject
Global
	GlobalSection(SolutionConfigurationPlatforms) = preSolution
		Debug|Any CPU = Debug|Any CPU
		Release|Any CPU = Release|Any CPU
	EndGlobalSection
	GlobalSection(ProjectConfigurationPlatforms) = postSolution
		{2809F1FD-DF92-446B-83DE-8350838ADC79}.Debug|Any CPU.ActiveCfg = Debug|Any CPU
		{2809F1FD-DF92-446B-83DE-8350838ADC79}.Debug|Any CPU.Build.0 = Debug|Any CPU
		{2809F1FD-DF92-446B-83DE-8350838ADC79}.Release|Any CPU.ActiveCfg = Release|Any CPU
		{2809F1FD-DF92-446B-83DE-8350838ADC79}.Release|Any CPU.Build.0 = Release|Any CPU
		{D7002503-F01A-4297-99FB-D3FEBC3DF44D}.Debug|Any CPU.ActiveCfg = Debug|Any CPU
		{D7002503-F01A-4297-99FB-D3FEBC3DF44D}.Debug|Any CPU.Build.0 = Debug|Any CPU
		{D7002503-F01A-4297-99FB-D3FEBC3DF44D}.Release|Any CPU.ActiveCfg = Release|Any CPU
		{D7002503-F01A-4297-99FB-D3FEBC3DF44D}.Release|Any CPU.Build.0 = Release|Any CPU
	EndGlobalSection
	GlobalSection(SolutionProperties) = preSolution
		HideSolutionNode = FALSE
	EndGlobalSection
EndGlobal
