
Microsoft Visual Studio Solution File, Format Version 12.00
# Visual Studio Version 17
VisualStudioVersion = 17.2.32314.265
MinimumVisualStudioVersion = 10.0.40219.1
Project("{9A19103F-16F7-4668-BE54-9A1E7A4F7556}") = "CodeBreaker.APIs", "services\api\CodeBreaker.APIs\CodeBreaker.APIs.csproj", "{A149A347-8DCA-465B-8BDD-85EE14520817}"
EndProject
Project("{9A19103F-16F7-4668-BE54-9A1E7A4F7556}") = "CodeBreaker.APIs.Tests", "services\api\CodeBreaker.APIs.Tests\CodeBreaker.APIs.Tests.csproj", "{D043C62D-745F-46AE-BFD1-F801345C43CA}"
EndProject
Project("{9A19103F-16F7-4668-BE54-9A1E7A4F7556}") = "CodeBreaker.APIs.IntegrationTests", "services\api\CodeBreaker.APIs.IntegrationTests\CodeBreaker.APIs.IntegrationTests.csproj", "{405E3D01-6176-491B-B014-8133AD940AEA}"
EndProject
Global
	GlobalSection(SolutionConfigurationPlatforms) = preSolution
		Debug|Any CPU = Debug|Any CPU
		Release|Any CPU = Release|Any CPU
	EndGlobalSection
	GlobalSection(ProjectConfigurationPlatforms) = postSolution
		{A149A347-8DCA-465B-8BDD-85EE14520817}.Debug|Any CPU.ActiveCfg = Debug|Any CPU
		{A149A347-8DCA-465B-8BDD-85EE14520817}.Debug|Any CPU.Build.0 = Debug|Any CPU
		{A149A347-8DCA-465B-8BDD-85EE14520817}.Release|Any CPU.ActiveCfg = Release|Any CPU
		{A149A347-8DCA-465B-8BDD-85EE14520817}.Release|Any CPU.Build.0 = Release|Any CPU
		{D043C62D-745F-46AE-BFD1-F801345C43CA}.Debug|Any CPU.ActiveCfg = Debug|Any CPU
		{D043C62D-745F-46AE-BFD1-F801345C43CA}.Debug|Any CPU.Build.0 = Debug|Any CPU
		{D043C62D-745F-46AE-BFD1-F801345C43CA}.Release|Any CPU.ActiveCfg = Release|Any CPU
		{D043C62D-745F-46AE-BFD1-F801345C43CA}.Release|Any CPU.Build.0 = Release|Any CPU
		{405E3D01-6176-491B-B014-8133AD940AEA}.Debug|Any CPU.ActiveCfg = Debug|Any CPU
		{405E3D01-6176-491B-B014-8133AD940AEA}.Debug|Any CPU.Build.0 = Debug|Any CPU
		{405E3D01-6176-491B-B014-8133AD940AEA}.Release|Any CPU.ActiveCfg = Release|Any CPU
		{405E3D01-6176-491B-B014-8133AD940AEA}.Release|Any CPU.Build.0 = Release|Any CPU
	EndGlobalSection
	GlobalSection(SolutionProperties) = preSolution
		HideSolutionNode = FALSE
	EndGlobalSection
	GlobalSection(ExtensibilityGlobals) = postSolution
		SolutionGuid = {B059CE1B-1823-42EE-BF5C-D2C32C0DE089}
	EndGlobalSection
EndGlobal
